{
  "version": 4,
  "terraform_version": "1.6.4",
  "serial": 51,
  "lineage": "27d11d51-91d6-9db9-cb09-5883533c2221",
  "outputs": {},
  "resources": [
    {
      "mode": "data",
      "type": "google_firebase_web_app_config",
      "name": "example",
      "provider": "provider[\"registry.terraform.io/hashicorp/google-beta\"]",
      "instances": [
        {
          "schema_version": 0,
          "attributes": {
            "api_key": "AIzaSyAkOlKO8tn-aVuJMOoxy7vsgYBRD6THhP0",
            "auth_domain": "sample-firebase-ai-app-b9230.firebaseapp.com",
            "database_url": "",
            "id": "1:662769333165:web:af268083ba47ffe2cc6724",
            "location_id": "",
            "measurement_id": "",
            "messaging_sender_id": "662769333165",
            "project": "sample-firebase-ai-app-b9230",
            "storage_bucket": "sample-firebase-ai-app-b9230.firebasestorage.app",
            "web_app_id": "1:662769333165:web:af268083ba47ffe2cc6724"
          },
          "sensitive_attributes": []
        }
      ]
    },
    {
      "mode": "data",
      "type": "google_project",
      "name": "project",
      "provider": "provider[\"registry.terraform.io/hashicorp/google-beta\"]",
      "instances": [
        {
          "schema_version": 0,
          "attributes": {
            "auto_create_network": null,
            "billing_account": "0122F0-A21C2E-7C8AAA",
            "deletion_policy": "DELETE",
            "effective_labels": {
              "firebase": "enabled",
              "firebase-core": "disabled"
            },
            "folder_id": null,
            "id": "projects/sample-firebase-ai-app-b9230",
            "labels": {
              "firebase": "enabled",
              "firebase-core": "disabled"
            },
            "name": "Sample Firebase AI App",
            "number": "662769333165",
            "org_id": null,
            "project_id": "sample-firebase-ai-app-b9230",
            "skip_delete": null,
            "terraform_labels": {
              "firebase": "enabled",
              "firebase-core": "disabled"
            }
          },
          "sensitive_attributes": []
        }
      ]
    },
    {
      "mode": "managed",
      "type": "google_apikeys_key",
      "name": "generativelanguage",
      "provider": "provider[\"registry.terraform.io/hashicorp/google-beta\"]",
      "instances": [
        {
          "schema_version": 0,
          "attributes": {
            "display_name": "Generative language Gemini API Key",
            "id": "projects/sample-firebase-ai-app-b9230/locations/global/keys/gemini-api-key",
            "key_string": "AIzaSyC_zt_3BdP0nT8DcX-YCLGxeun1vhITIno",
            "name": "gemini-api-key",
            "project": "sample-firebase-ai-app-b9230",
            "restrictions": [
              {
                "android_key_restrictions": [],
                "api_targets": [
                  {
                    "methods": [],
                    "service": "generativelanguage.googleapis.com"
                  }
                ],
                "browser_key_restrictions": [
                  {
                    "allowed_referrers": [
                      "*"
                    ]
                  }
                ],
                "ios_key_restrictions": [],
                "server_key_restrictions": []
              }
            ],
            "timeouts": null,
            "uid": "8ceaa7df-f40d-4acb-accd-15101cd3dc15"
          },
          "sensitive_attributes": [],
          "private": "eyJlMmJmYjczMC1lY2FhLTExZTYtOGY4OC0zNDM2M2JjN2M0YzAiOnsiY3JlYXRlIjoxMjAwMDAwMDAwMDAwLCJkZWxldGUiOjEyMDAwMDAwMDAwMDAsInVwZGF0ZSI6MTIwMDAwMDAwMDAwMH19",
          "dependencies": [
            "google_project_service.services"
          ]
        }
      ]
    },
    {
      "mode": "managed",
      "type": "google_firebase_web_app",
      "name": "example",
      "provider": "provider[\"registry.terraform.io/hashicorp/google-beta\"]",
      "instances": [
        {
          "schema_version": 0,
          "attributes": {
            "api_key_id": "7fc4dda6-0d30-494a-828e-3ee7c198dd12",
            "app_id": "1:662769333165:web:af268083ba47ffe2cc6724",
            "app_urls": [],
            "deletion_policy": "DELETE",
            "display_name": "Sample Firebase AI App",
            "id": "projects/sample-firebase-ai-app-b9230/webApps/1:662769333165:web:af268083ba47ffe2cc6724",
            "name": "projects/sample-firebase-ai-app-b9230/webApps/1:662769333165:web:af268083ba47ffe2cc6724",
            "project": "sample-firebase-ai-app-b9230",
            "timeouts": null
          },
          "sensitive_attributes": [],
          "private": "eyJlMmJmYjczMC1lY2FhLTExZTYtOGY4OC0zNDM2M2JjN2M0YzAiOnsiY3JlYXRlIjoxMjAwMDAwMDAwMDAwLCJkZWxldGUiOjEyMDAwMDAwMDAwMDAsInVwZGF0ZSI6MTIwMDAwMDAwMDAwMH19"
        }
      ]
    },
    {
      "mode": "managed",
      "type": "google_firebaserules_release",
      "name": "firestore",
      "provider": "provider[\"registry.terraform.io/hashicorp/google-beta\"]",
      "instances": [
        {
          "schema_version": 0,
          "attributes": {
            "create_time": "2025-09-10T01:50:05.622158Z",
            "disabled": false,
            "id": "projects/sample-firebase-ai-app-b9230/releases/cloud.firestore",
            "name": "cloud.firestore",
            "project": "sample-firebase-ai-app-b9230",
            "ruleset_name": "5734fd01-fcab-4444-8685-279e05a87fd0",
            "timeouts": null,
            "update_time": "2025-09-10T01:50:05.622158Z"
          },
          "sensitive_attributes": [],
          "private": "eyJlMmJmYjczMC1lY2FhLTExZTYtOGY4OC0zNDM2M2JjN2M0YzAiOnsiY3JlYXRlIjoxMjAwMDAwMDAwMDAwLCJkZWxldGUiOjEyMDAwMDAwMDAwMDB9fQ==",
          "dependencies": [
            "google_firebaserules_ruleset.firestore",
            "google_firestore_database.database",
            "google_project_service.services",
            "local_file.firestore_rules"
          ]
        }
      ]
    },
    {
      "mode": "managed",
      "type": "google_firebaserules_ruleset",
      "name": "firestore",
      "provider": "provider[\"registry.terraform.io/hashicorp/google-beta\"]",
      "instances": [
        {
          "schema_version": 0,
          "attributes": {
            "create_time": "2025-09-09T21:39:39.233423Z",
            "id": "projects/sample-firebase-ai-app-b9230/rulesets/5734fd01-fcab-4444-8685-279e05a87fd0",
            "metadata": [
              {
                "services": [
                  "cloud.firestore"
                ]
              }
            ],
            "name": "5734fd01-fcab-4444-8685-279e05a87fd0",
            "project": "sample-firebase-ai-app-b9230",
            "source": [
              {
                "files": [
                  {
                    "content": "rules_version = '2';\nservice cloud.firestore {\n  match /databases/{database}/documents {\n    // Los perfiles son públicos para leer, pero solo el dueño puede escribir.\n    match /users/{userId} {\n      allow read: if request.auth != null;\n      allow write: if request.auth.uid == userId;\n    }\n\n    // Regla de 'likes' temporalmente más abierta para depuración.\n    match /likes/{likeId} {\n      allow read, write: if request.auth != null;\n    }\n\n    // Solo los miembros de una conversación pueden acceder a ella y a sus mensajes.\n    match /conversations/{conversationId} {\n      allow read, delete: if request.auth.uid in resource.data.members;\n      allow create: if request.auth.uid in request.resource.data.members;\n\n      match /messages/{messageId} {\n        allow read, create: if request.auth.uid in get(/databases/$(database)/documents/conversations/$(conversationId)).data.members;\n        allow update, delete: if request.auth.uid == resource.data.authorId;\n      }\n    }\n  }\n}",
                    "fingerprint": "",
                    "name": "firestore.rules"
                  }
                ],
                "language": ""
              }
            ],
            "timeouts": null
          },
          "sensitive_attributes": [],
          "private": "eyJlMmJmYjczMC1lY2FhLTExZTYtOGY4OC0zNDM2M2JjN2M0YzAiOnsiY3JlYXRlIjoxMjAwMDAwMDAwMDAwLCJkZWxldGUiOjEyMDAwMDAwMDAwMDB9fQ==",
          "dependencies": [
            "google_firestore_database.database",
            "google_project_service.services",
            "local_file.firestore_rules"
          ]
        }
      ]
    },
    {
      "mode": "managed",
      "type": "google_firestore_database",
      "name": "database",
      "provider": "provider[\"registry.terraform.io/hashicorp/google-beta\"]",
      "instances": [
        {
          "schema_version": 0,
          "attributes": {
            "app_engine_integration_mode": "DISABLED",
            "cmek_config": [],
            "concurrency_mode": "PESSIMISTIC",
            "create_time": "",
            "delete_protection_state": "DELETE_PROTECTION_DISABLED",
            "deletion_policy": "ABANDON",
            "earliest_version_time": "2025-09-10T00:52:32.767981Z",
            "etag": "IK7bt+SKzY8DMLfcuL6lzI8D",
            "id": "projects/sample-firebase-ai-app-b9230/databases/(default)",
            "key_prefix": "",
            "location_id": "nam5",
            "name": "(default)",
            "point_in_time_recovery_enablement": "POINT_IN_TIME_RECOVERY_DISABLED",
            "project": "sample-firebase-ai-app-b9230",
            "timeouts": null,
            "type": "FIRESTORE_NATIVE",
            "uid": "0be9e519-27b2-47e6-89be-f3780137a412",
            "update_time": "",
            "version_retention_period": "3600s"
          },
          "sensitive_attributes": [],
          "private": "eyJlMmJmYjczMC1lY2FhLTExZTYtOGY4OC0zNDM2M2JjN2M0YzAiOnsiY3JlYXRlIjoxMjAwMDAwMDAwMDAwLCJkZWxldGUiOjEyMDAwMDAwMDAwMDAsInVwZGF0ZSI6MTIwMDAwMDAwMDAwMH0sInNjaGVtYV92ZXJzaW9uIjoiMCJ9",
          "dependencies": [
            "google_project_service.services"
          ]
        }
      ]
    },
    {
      "mode": "managed",
      "type": "google_project",
      "name": "default",
      "provider": "provider[\"registry.terraform.io/hashicorp/google-beta\"]",
      "instances": [
        {
          "schema_version": 1,
          "attributes": {
            "auto_create_network": true,
            "billing_account": "",
            "deletion_policy": "DELETE",
            "effective_labels": {
              "firebase": "enabled",
              "firebase-core": "disabled"
            },
            "folder_id": null,
            "id": "projects/sample-firebase-ai-app-b9230",
            "labels": {},
            "name": "Sample Firebase AI App",
            "number": "662769333165",
            "org_id": null,
            "project_id": "sample-firebase-ai-app-b9230",
            "skip_delete": null,
            "terraform_labels": {},
            "timeouts": null
          },
          "sensitive_attributes": [],
          "private": "eyJlMmJmYjczMC1lY2FhLTExZTYtOGY4OC0zNDM2M2JjN2M0YzAiOnsiY3JlYXRlIjo2MDAwMDAwMDAwMDAsImRlbGV0ZSI6NjAwMDAwMDAwMDAwLCJyZWFkIjo2MDAwMDAwMDAwMDAsInVwZGF0ZSI6NjAwMDAwMDAwMDAwfSwic2NoZW1hX3ZlcnNpb24iOiIxIn0="
        }
      ]
    },
    {
      "mode": "managed",
      "type": "google_project_service",
      "name": "recaptcha_enterprise",
      "provider": "provider[\"registry.terraform.io/hashicorp/google-beta\"]",
      "instances": [
        {
          "schema_version": 0,
          "attributes": {
            "check_if_service_has_usage_on_destroy": false,
            "disable_dependent_services": null,
            "disable_on_destroy": false,
            "id": "sample-firebase-ai-app-b9230/recaptchaenterprise.googleapis.com",
            "project": "sample-firebase-ai-app-b9230",
            "service": "recaptchaenterprise.googleapis.com",
            "timeouts": null
          },
          "sensitive_attributes": [],
          "private": "eyJlMmJmYjczMC1lY2FhLTExZTYtOGY4OC0zNDM2M2JjN2M0YzAiOnsiY3JlYXRlIjoxMjAwMDAwMDAwMDAwLCJkZWxldGUiOjEyMDAwMDAwMDAwMDAsInJlYWQiOjYwMDAwMDAwMDAwMCwidXBkYXRlIjoxMjAwMDAwMDAwMDAwfX0="
        }
      ]
    },
    {
      "mode": "managed",
      "type": "google_project_service",
      "name": "services",
      "provider": "provider[\"registry.terraform.io/hashicorp/google-beta\"]",
      "instances": [
        {
          "index_key": "apikeys.googleapis.com",
          "schema_version": 0,
          "attributes": {
            "check_if_service_has_usage_on_destroy": false,
            "disable_dependent_services": null,
            "disable_on_destroy": false,
            "id": "sample-firebase-ai-app-b9230/apikeys.googleapis.com",
            "project": "sample-firebase-ai-app-b9230",
            "service": "apikeys.googleapis.com",
            "timeouts": null
          },
          "sensitive_attributes": [],
          "private": "eyJlMmJmYjczMC1lY2FhLTExZTYtOGY4OC0zNDM2M2JjN2M0YzAiOnsiY3JlYXRlIjoxMjAwMDAwMDAwMDAwLCJkZWxldGUiOjEyMDAwMDAwMDAwMDAsInJlYWQiOjYwMDAwMDAwMDAwMCwidXBkYXRlIjoxMjAwMDAwMDAwMDAwfX0="
        },
        {
          "index_key": "firebaserules.googleapis.com",
          "schema_version": 0,
          "attributes": {
            "check_if_service_has_usage_on_destroy": false,
            "disable_dependent_services": null,
            "disable_on_destroy": false,
            "id": "sample-firebase-ai-app-b9230/firebaserules.googleapis.com",
            "project": "sample-firebase-ai-app-b9230",
            "service": "firebaserules.googleapis.com",
            "timeouts": null
          },
          "sensitive_attributes": [],
          "private": "eyJlMmJmYjczMC1lY2FhLTExZTYtOGY4OC0zNDM2M2JjN2M0YzAiOnsiY3JlYXRlIjoxMjAwMDAwMDAwMDAwLCJkZWxldGUiOjEyMDAwMDAwMDAwMDAsInJlYWQiOjYwMDAwMDAwMDAwMCwidXBkYXRlIjoxMjAwMDAwMDAwMDAwfX0="
        },
        {
          "index_key": "firestore.googleapis.com",
          "schema_version": 0,
          "attributes": {
            "check_if_service_has_usage_on_destroy": false,
            "disable_dependent_services": null,
            "disable_on_destroy": false,
            "id": "sample-firebase-ai-app-b9230/firestore.googleapis.com",
            "project": "sample-firebase-ai-app-b9230",
            "service": "firestore.googleapis.com",
            "timeouts": null
          },
          "sensitive_attributes": [],
          "private": "eyJlMmJmYjczMC1lY2FhLTExZTYtOGY4OC0zNDM2M2JjN2M0YzAiOnsiY3JlYXRlIjoxMjAwMDAwMDAwMDAwLCJkZWxldGUiOjEyMDAwMDAwMDAwMDAsInJlYWQiOjYwMDAwMDAwMDAwMCwidXBkYXRlIjoxMjAwMDAwMDAwMDAwfX0="
        },
        {
          "index_key": "generativelanguage.googleapis.com",
          "schema_version": 0,
          "attributes": {
            "check_if_service_has_usage_on_destroy": false,
            "disable_dependent_services": null,
            "disable_on_destroy": false,
            "id": "sample-firebase-ai-app-b9230/generativelanguage.googleapis.com",
            "project": "sample-firebase-ai-app-b9230",
            "service": "generativelanguage.googleapis.com",
            "timeouts": null
          },
          "sensitive_attributes": [],
          "private": "eyJlMmJmYjczMC1lY2FhLTExZTYtOGY4OC0zNDM2M2JjN2M0YzAiOnsiY3JlYXRlIjoxMjAwMDAwMDAwMDAwLCJkZWxldGUiOjEyMDAwMDAwMDAwMDAsInJlYWQiOjYwMDAwMDAwMDAwMCwidXBkYXRlIjoxMjAwMDAwMDAwMDAwfX0="
        },
        {
          "index_key": "serviceusage.googleapis.com",
          "schema_version": 0,
          "attributes": {
            "check_if_service_has_usage_on_destroy": false,
            "disable_dependent_services": null,
            "disable_on_destroy": false,
            "id": "sample-firebase-ai-app-b9230/serviceusage.googleapis.com",
            "project": "sample-firebase-ai-app-b9230",
            "service": "serviceusage.googleapis.com",
            "timeouts": null
          },
          "sensitive_attributes": [],
          "private": "eyJlMmJmYjczMC1lY2FhLTExZTYtOGY4OC0zNDM2M2JjN2M0YzAiOnsiY3JlYXRlIjoxMjAwMDAwMDAwMDAwLCJkZWxldGUiOjEyMDAwMDAwMDAwMDAsInJlYWQiOjYwMDAwMDAwMDAwMCwidXBkYXRlIjoxMjAwMDAwMDAwMDAwfX0="
        }
      ]
    },
    {
      "mode": "managed",
      "type": "google_project_service",
      "name": "vertex",
      "provider": "provider[\"registry.terraform.io/hashicorp/google-beta\"]",
      "instances": [
        {
          "index_key": "aiplatform.googleapis.com",
          "schema_version": 0,
          "attributes": {
            "check_if_service_has_usage_on_destroy": false,
            "disable_dependent_services": null,
            "disable_on_destroy": false,
            "id": "sample-firebase-ai-app-b9230/aiplatform.googleapis.com",
            "project": "sample-firebase-ai-app-b9230",
            "service": "aiplatform.googleapis.com",
            "timeouts": null
          },
          "sensitive_attributes": [],
          "private": "eyJlMmJmYjczMC1lY2FhLTExZTYtOGY4OC0zNDM2M2JjN2M0YzAiOnsiY3JlYXRlIjoxMjAwMDAwMDAwMDAwLCJkZWxldGUiOjEyMDAwMDAwMDAwMDAsInJlYWQiOjYwMDAwMDAwMDAwMCwidXBkYXRlIjoxMjAwMDAwMDAwMDAwfX0="
        },
        {
          "index_key": "firebaseappcheck.googleapis.com",
          "schema_version": 0,
          "attributes": {
            "check_if_service_has_usage_on_destroy": false,
            "disable_dependent_services": null,
            "disable_on_destroy": false,
            "id": "sample-firebase-ai-app-b9230/firebaseappcheck.googleapis.com",
            "project": "sample-firebase-ai-app-b9230",
            "service": "firebaseappcheck.googleapis.com",
            "timeouts": null
          },
          "sensitive_attributes": [],
          "private": "eyJlMmJmYjczMC1lY2FhLTExZTYtOGY4OC0zNDM2M2JjN2M0YzAiOnsiY3JlYXRlIjoxMjAwMDAwMDAwMDAwLCJkZWxldGUiOjEyMDAwMDAwMDAwMDAsInJlYWQiOjYwMDAwMDAwMDAwMCwidXBkYXRlIjoxMjAwMDAwMDAwMDAwfX0="
        },
        {
          "index_key": "firebaseml.googleapis.com",
          "schema_version": 0,
          "attributes": {
            "check_if_service_has_usage_on_destroy": false,
            "disable_dependent_services": null,
            "disable_on_destroy": false,
            "id": "sample-firebase-ai-app-b9230/firebaseml.googleapis.com",
            "project": "sample-firebase-ai-app-b9230",
            "service": "firebaseml.googleapis.com",
            "timeouts": null
          },
          "sensitive_attributes": [],
          "private": "eyJlMmJmYjczMC1lY2FhLTExZTYtOGY4OC0zNDM2M2JjN2M0YzAiOnsiY3JlYXRlIjoxMjAwMDAwMDAwMDAwLCJkZWxldGUiOjEyMDAwMDAwMDAwMDAsInJlYWQiOjYwMDAwMDAwMDAwMCwidXBkYXRlIjoxMjAwMDAwMDAwMDAwfX0="
        }
      ]
    },
    {
      "mode": "managed",
      "type": "google_service_usage_consumer_quota_override",
      "name": "generativelanguage",
      "provider": "provider[\"registry.terraform.io/hashicorp/google-beta\"]",
      "instances": [
        {
          "schema_version": 0,
          "attributes": {
            "dimensions": {},
            "force": true,
            "id": "projects/sample-firebase-ai-app-b9230/services/generativelanguage.googleapis.com/consumerQuotaMetrics/generativelanguage.googleapis.com%2Fgenerate_requests_per_model/limits/%2Fmin%2Fmodel%2Fproject/consumerOverrides/Cg1RdW90YU92ZXJyaWRl",
            "limit": "%2Fmin%2Fmodel%2Fproject",
            "metric": "generativelanguage.googleapis.com%2Fgenerate_requests_per_model",
            "name": "Cg1RdW90YU92ZXJyaWRl",
            "override_value": "10",
            "project": "sample-firebase-ai-app-b9230",
            "service": "generativelanguage.googleapis.com",
            "timeouts": null
          },
          "sensitive_attributes": [],
          "private": "eyJlMmJmYjczMC1lY2FhLTExZTYtOGY4OC0zNDM2M2JjN2M0YzAiOnsiY3JlYXRlIjoxMjAwMDAwMDAwMDAwLCJkZWxldGUiOjEyMDAwMDAwMDAwMDAsInVwZGF0ZSI6MTIwMDAwMDAwMDAwMH19",
          "dependencies": [
            "google_project_service.services"
          ]
        }
      ]
    },
    {
      "mode": "managed",
      "type": "local_file",
      "name": "environment_ts",
      "provider": "provider[\"registry.terraform.io/hashicorp/local\"]",
      "instances": [
        {
          "schema_version": 0,
          "attributes": {
            "content": "window[\"APP_TEMPLATE_BOOTSTRAP\"] = {\n    firebase: {\n      apiKey: \"AIzaSyAkOlKO8tn-aVuJMOoxy7vsgYBRD6THhP0\",\n      authDomain: \"sample-firebase-ai-app-b9230.firebaseapp.com\",\n      databaseURL: \"\",\n      projectId: \"sample-firebase-ai-app-b9230\",\n      storageBucket: \"sample-firebase-ai-app-b9230.firebasestorage.app\",\n      messagingSenderId: \"662769333165\",\n      appId: \"1:662769333165:web:af268083ba47ffe2cc6724\",\n      measurementId: \"\",\n    },\n};\n",
            "content_base64": null,
            "content_base64sha256": "2YOviGG9ugQUb7pbIykX+yyTMJCcXPqlVWKqwqBY1bE=",
            "content_base64sha512": "K0aKbyfe0yaXAjxtlTa2taNfENiSgj/fK27Np+fW8PBv1nrMU8sAHdI8mB5ST14slKSNFb4L8/kntAQeKrQTfw==",
            "content_md5": "c8e7087392ef101abe8f4d8a57432b48",
            "content_sha1": "27b54373aa6fc0f99d35e2cec2a251c49819228e",
            "content_sha256": "d983af8861bdba04146fba5b232917fb2c9330909c5cfaa55562aac2a058d5b1",
            "content_sha512": "2b468a6f27ded32697023c6d9536b6b5a35f10d892823fdf2b6ecda7e7d6f0f06fd67acc53cb001dd23c981e524f5e2c94a48d15be0bf3f927b4041e2ab4137f",
            "directory_permission": "0777",
            "file_permission": "0777",
            "filename": "./src/bootstrap.js",
            "id": "27b54373aa6fc0f99d35e2cec2a251c49819228e",
            "sensitive_content": null,
            "source": null
          },
          "sensitive_attributes": [
            [
              {
                "type": "get_attr",
                "value": "content"
              }
            ]
          ],
          "dependencies": [
            "data.google_firebase_web_app_config.example",
            "data.google_project.project",
            "google_apikeys_key.generativelanguage",
            "google_firebase_web_app.example",
            "google_project_service.services"
          ]
        }
      ]
    },
    {
      "mode": "managed",
      "type": "local_file",
      "name": "firebaserc",
      "provider": "provider[\"registry.terraform.io/hashicorp/local\"]",
      "instances": [
        {
          "schema_version": 0,
          "attributes": {
            "content": "{\"projects\":{\"default\":\"sample-firebase-ai-app-b9230\"}}",
            "content_base64": null,
            "content_base64sha256": "v+jnqu8Eb5LDkf443iUtKf7YvdckzAAumxEQxsgyaLg=",
            "content_base64sha512": "fpbbMIhNYEsJuPcm/KNMArCOjSg/K3sqPWOvKhaBb8y0HTdBKXX6uRCuFbPM9ZE6YTaTYKlYI178rqOdNjblww==",
            "content_md5": "74c9cbf3fa4988f5eda281294cdd7697",
            "content_sha1": "4d3057eb011e947a569fbc69302e7491b2aad47d",
            "content_sha256": "bfe8e7aaef046f92c391fe38de252d29fed8bdd724cc002e9b1110c6c83268b8",
            "content_sha512": "7e96db30884d604b09b8f726fca34c02b08e8d283f2b7b2a3d63af2a16816fccb41d37412975fab910ae15b3ccf5913a61369360a958235efcaea39d3636e5c3",
            "directory_permission": "0777",
            "file_permission": "0777",
            "filename": "./.firebaserc",
            "id": "4d3057eb011e947a569fbc69302e7491b2aad47d",
            "sensitive_content": null,
            "source": null
          },
          "sensitive_attributes": []
        }
      ]
    },
    {
      "mode": "managed",
      "type": "local_file",
      "name": "firestore_rules",
      "provider": "provider[\"registry.terraform.io/hashicorp/local\"]",
      "instances": [
        {
          "schema_version": 0,
          "attributes": {
            "content": "rules_version = '2';\nservice cloud.firestore {\n  match /databases/{database}/documents {\n    // Los perfiles son públicos para leer, pero solo el dueño puede escribir.\n    match /users/{userId} {\n      allow read: if request.auth != null;\n      allow write: if request.auth.uid == userId;\n    }\n\n    // Regla de 'likes' temporalmente más abierta para depuración.\n    match /likes/{likeId} {\n      allow read, write: if request.auth != null;\n    }\n\n    // Solo los miembros de una conversación pueden acceder a ella y a sus mensajes.\n    match /conversations/{conversationId} {\n      allow read, delete: if request.auth.uid in resource.data.members;\n      allow create: if request.auth.uid in request.resource.data.members;\n\n      match /messages/{messageId} {\n        allow read, create: if request.auth.uid in get(/databases/$(database)/documents/conversations/$(conversationId)).data.members;\n        allow update, delete: if request.auth.uid == resource.data.authorId;\n      }\n    }\n  }\n}",
            "content_base64": null,
            "content_base64sha256": "FiTEPA3DQhgHvTaGbohM894dMt57sdWH0NRUZIzOBSM=",
            "content_base64sha512": "EJQ/5+0EsJ+BVPmBjcuiwVH4cnuUB6ZNnK7QfjyijCtDn4PTvbFfjkZGsXuinmxRcuh0FfF702Q6N85sZ80khg==",
            "content_md5": "574b9e129eae970bda4765a54950e198",
            "content_sha1": "05dd18f90205f3adeef3b50b60bc76b13d49e15a",
            "content_sha256": "1624c43c0dc3421807bd36866e884cf3de1d32de7bb1d587d0d454648cce0523",
            "content_sha512": "10943fe7ed04b09f8154f9818dcba2c151f8727b9407a64d9caed07e3ca28c2b439f83d3bdb15f8e4646b17ba29e6c5172e87415f17bd3643a37ce6c67cd2486",
            "directory_permission": "0777",
            "file_permission": "0777",
            "filename": "./firestore.rules",
            "id": "05dd18f90205f3adeef3b50b60bc76b13d49e15a",
            "sensitive_content": null,
            "source": null
          },
          "sensitive_attributes": []
        }
      ]
    }
  ],
  "check_results": null
}
